{
  "version": "4",
  "specifiers": {
    "npm:@types/lodash@^4.17.13": "4.17.13",
    "npm:heap-js@*": "2.7.1",
    "npm:heap-js@^2.7.1": "2.7.1",
    "npm:lodash@*": "4.17.21"
  },
  "npm": {
    "@types/lodash@4.17.13": {
      "integrity": "sha512-lfx+dftrEZcdBPczf9d0Qv0x+j/rfNCMuC6OcfXmO8gkfeNAY88PgKUbvG56whcN23gc27yenwF6oJZXGFpYxg=="
    },
    "heap-js@2.7.1": {
      "integrity": "sha512-EQfezRg0NCZGNlhlDR3Evrw1FVL2G3LhU7EgPoxufQKruNBSYA8MiRPHeWbU+36o+Fhel0wMwM+sLEiBAlNLJA=="
    },
    "lodash@4.17.21": {
      "integrity": "sha512-v2kDEe57lecTulaDIuNTPy3Ry4gLGJ6Z1O3vE1krgXZNrsQ+LFTGHVxVjcXPs17LhbZVGedAJv8XZ1tvj5FvSg=="
    }
  },
  "workspace": {
    "dependencies": [
      "npm:@types/lodash@^4.17.13",
      "npm:heap-js@^2.7.1"
    ]
  }
}
